# THIS IS AN AUTOGENERATED FILE. DO NOT EDIT THIS FILE DIRECTLY.
# yarn lockfile v1


"@cspotcode/source-map-consumer@0.8.0":
  version "0.8.0"
  resolved "https://onedrive.pkgs.visualstudio.com/_packaging/odsp-npm/npm/registry/@cspotcode/source-map-consumer/-/source-map-consumer-0.8.0.tgz#33bf4b7b39c178821606f669bbc447a6a629786b"
  integrity sha1-M79LeznBeIIWBvZpu8RHpqYpeGs=

"@cspotcode/source-map-support@0.6.1":
  version "0.6.1"
  resolved "https://onedrive.pkgs.visualstudio.com/_packaging/odsp-npm/npm/registry/@cspotcode/source-map-support/-/source-map-support-0.6.1.tgz#118511f316e2e87ee4294761868e254d3da47960"
  integrity sha1-EYUR8xbi6H7kKUdhho4lTT2keWA=
  dependencies:
    "@cspotcode/source-map-consumer" "0.8.0"

"@nodelib/fs.scandir@2.1.5":
  version "2.1.5"
  resolved "https://onedrive.pkgs.visualstudio.com/_packaging/odsp-npm/npm/registry/@nodelib/fs.scandir/-/fs.scandir-2.1.5.tgz#7619c2eb21b25483f6d167548b4cfd5a7488c3d5"
  integrity sha1-dhnC6yGyVIP20WdUi0z9WnSIw9U=
  dependencies:
    "@nodelib/fs.stat" "2.0.5"
    run-parallel "^1.1.9"

"@nodelib/fs.stat@2.0.5", "@nodelib/fs.stat@^2.0.2":
  version "2.0.5"
  resolved "https://onedrive.pkgs.visualstudio.com/_packaging/odsp-npm/npm/registry/@nodelib/fs.stat/-/fs.stat-2.0.5.tgz#5bd262af94e9d25bd1e71b05deed44876a222e8b"
  integrity sha1-W9Jir5Tp0lvR5xsF3u1Eh2oiLos=

"@nodelib/fs.walk@^1.2.3":
  version "1.2.8"
  resolved "https://onedrive.pkgs.visualstudio.com/_packaging/odsp-npm/npm/registry/@nodelib/fs.walk/-/fs.walk-1.2.8.tgz#e95737e8bb6746ddedf69c556953494f196fe69a"
  integrity sha1-6Vc36LtnRt3t9pxVaVNJTxlv5po=
  dependencies:
    "@nodelib/fs.scandir" "2.1.5"
    fastq "^1.6.0"

"@sindresorhus/is@^0.14.0":
  version "0.14.0"
  resolved "https://onedrive.pkgs.visualstudio.com/_packaging/odsp-npm/npm/registry/@sindresorhus/is/-/is-0.14.0.tgz#9fb3a3cf3132328151f353de4632e01e52102bea"
  integrity sha1-n7OjzzEyMoFR81PeRjLgHlIQK+o=

"@szmarczak/http-timer@^1.1.2":
  version "1.1.2"
  resolved "https://onedrive.pkgs.visualstudio.com/_packaging/odsp-npm/npm/registry/@szmarczak/http-timer/-/http-timer-1.1.2.tgz#b1665e2c461a2cd92f4c1bbf50d5454de0d4b421"
  integrity sha1-sWZeLEYaLNkvTBu/UNVFTeDUtCE=
  dependencies:
    defer-to-connect "^1.0.1"

"@ts-morph/common@~0.11.0":
  version "0.11.0"
  resolved "https://onedrive.pkgs.visualstudio.com/_packaging/odsp-npm/npm/registry/@ts-morph/common/-/common-0.11.0.tgz#df94af35f42d01d9d389bfdefc8bcc3f6a59a192"
  integrity sha1-35SvNfQtAdnTib/e/IvMP2pZoZI=
  dependencies:
    fast-glob "^3.2.7"
    minimatch "^3.0.4"
    mkdirp "^1.0.4"
    path-browserify "^1.0.1"

"@tsconfig/node10@^1.0.7":
  version "1.0.8"
  resolved "https://onedrive.pkgs.visualstudio.com/_packaging/odsp-npm/npm/registry/@tsconfig/node10/-/node10-1.0.8.tgz#c1e4e80d6f964fbecb3359c43bd48b40f7cadad9"
  integrity sha1-weToDW+WT77LM1nEO9SLQPfK2tk=

"@tsconfig/node12@^1.0.7":
  version "1.0.9"
  resolved "https://onedrive.pkgs.visualstudio.com/_packaging/odsp-npm/npm/registry/@tsconfig/node12/-/node12-1.0.9.tgz#62c1f6dee2ebd9aead80dc3afa56810e58e1a04c"
  integrity sha1-YsH23uLr2a6tgNw6+laBDljhoEw=

"@tsconfig/node14@^1.0.0":
  version "1.0.1"
  resolved "https://onedrive.pkgs.visualstudio.com/_packaging/odsp-npm/npm/registry/@tsconfig/node14/-/node14-1.0.1.tgz#95f2d167ffb9b8d2068b0b235302fafd4df711f2"
  integrity sha1-lfLRZ/+5uNIGiwsjUwL6/U33EfI=

"@tsconfig/node16@^1.0.2":
  version "1.0.2"
  resolved "https://onedrive.pkgs.visualstudio.com/_packaging/odsp-npm/npm/registry/@tsconfig/node16/-/node16-1.0.2.tgz#423c77877d0569db20e1fc80885ac4118314010e"
  integrity sha1-Qjx3h30Fadsg4fyAiFrEEYMUAQ4=

"@types/node@^16.10.3":
  version "16.10.3"
  resolved "https://onedrive.pkgs.visualstudio.com/_packaging/odsp-npm/npm/registry/@types/node/-/node-16.10.3.tgz#7a8f2838603ea314d1d22bb3171d899e15c57bd5"
  integrity sha1-eo8oOGA+oxTR0iuzFx2JnhXFe9U=

abbrev@1:
  version "1.1.1"
  resolved "https://onedrive.pkgs.visualstudio.com/_packaging/odsp-npm/npm/registry/abbrev/-/abbrev-1.1.1.tgz#f8f2c887ad10bf67f634f005b6987fed3179aac8"
  integrity sha1-+PLIh60Qv2f2NPAFtph/7TF5qsg=

acorn-walk@^8.1.1:
  version "8.2.0"
  resolved "https://onedrive.pkgs.visualstudio.com/_packaging/odsp-npm/npm/registry/acorn-walk/-/acorn-walk-8.2.0.tgz#741210f2e2426454508853a2f44d0ab83b7f69c1"
  integrity sha1-dBIQ8uJCZFRQiFOi9E0KuDt/acE=

acorn@^8.4.1:
  version "8.5.0"
  resolved "https://onedrive.pkgs.visualstudio.com/_packaging/odsp-npm/npm/registry/acorn/-/acorn-8.5.0.tgz#4512ccb99b3698c752591e9bb4472e38ad43cee2"
  integrity sha1-RRLMuZs2mMdSWR6btEcuOK1DzuI=

ansi-align@^3.0.0:
  version "3.0.1"
  resolved "https://onedrive.pkgs.visualstudio.com/_packaging/odsp-npm/npm/registry/ansi-align/-/ansi-align-3.0.1.tgz#0cdf12e111ace773a86e9a1fad1225c43cb19a59"
  integrity sha1-DN8S4RGs53OobpofrRIlxDyxmlk=
  dependencies:
    string-width "^4.1.0"

ansi-regex@^5.0.1:
  version "5.0.1"
  resolved "https://onedrive.pkgs.visualstudio.com/_packaging/odsp-npm/npm/registry/ansi-regex/-/ansi-regex-5.0.1.tgz#082cb2c89c9fe8659a311a53bd6a4dc5301db304"
  integrity sha1-CCyyyJyf6GWaMRpTvWpNxTAdswQ=

ansi-styles@^4.0.0, ansi-styles@^4.1.0:
  version "4.3.0"
  resolved "https://onedrive.pkgs.visualstudio.com/_packaging/odsp-npm/npm/registry/ansi-styles/-/ansi-styles-4.3.0.tgz#edd803628ae71c04c85ae7a0906edad34b648937"
  integrity sha1-7dgDYornHATIWuegkG7a00tkiTc=
  dependencies:
    color-convert "^2.0.1"

anymatch@~3.1.2:
  version "3.1.2"
  resolved "https://onedrive.pkgs.visualstudio.com/_packaging/odsp-npm/npm/registry/anymatch/-/anymatch-3.1.2.tgz#c0557c096af32f106198f4f4e2a383537e378716"
  integrity sha1-wFV8CWrzLxBhmPT04qODU343hxY=
  dependencies:
    normalize-path "^3.0.0"
    picomatch "^2.0.4"

arg@^4.1.0:
  version "4.1.3"
  resolved "https://onedrive.pkgs.visualstudio.com/_packaging/odsp-npm/npm/registry/arg/-/arg-4.1.3.tgz#269fc7ad5b8e42cb63c896d5666017261c144089"
  integrity sha1-Jp/HrVuOQstjyJbVZmAXJhwUQIk=

balanced-match@^1.0.0:
  version "1.0.2"
  resolved "https://onedrive.pkgs.visualstudio.com/_packaging/odsp-npm/npm/registry/balanced-match/-/balanced-match-1.0.2.tgz#e83e3a7e3f300b34cb9d87f615fa0cbf357690ee"
  integrity sha1-6D46fj8wCzTLnYf2FfoMvzV2kO4=

binary-extensions@^2.0.0:
  version "2.2.0"
  resolved "https://onedrive.pkgs.visualstudio.com/_packaging/odsp-npm/npm/registry/binary-extensions/-/binary-extensions-2.2.0.tgz#75f502eeaf9ffde42fc98829645be4ea76bd9e2d"
  integrity sha1-dfUC7q+f/eQvyYgpZFvk6na9ni0=

boxen@^5.0.0:
  version "5.1.2"
  resolved "https://onedrive.pkgs.visualstudio.com/_packaging/odsp-npm/npm/registry/boxen/-/boxen-5.1.2.tgz#788cb686fc83c1f486dfa8a40c68fc2b831d2b50"
  integrity sha1-eIy2hvyDwfSG36ikDGj8K4MdK1A=
  dependencies:
    ansi-align "^3.0.0"
    camelcase "^6.2.0"
    chalk "^4.1.0"
    cli-boxes "^2.2.1"
    string-width "^4.2.2"
    type-fest "^0.20.2"
    widest-line "^3.1.0"
    wrap-ansi "^7.0.0"

brace-expansion@^1.1.7:
  version "1.1.11"
  resolved "https://onedrive.pkgs.visualstudio.com/_packaging/odsp-npm/npm/registry/brace-expansion/-/brace-expansion-1.1.11.tgz#3c7fcbf529d87226f3d2f52b966ff5271eb441dd"
  integrity sha1-PH/L9SnYcibz0vUrlm/1Jx60Qd0=
  dependencies:
    balanced-match "^1.0.0"
    concat-map "0.0.1"

braces@^3.0.1, braces@~3.0.2:
  version "3.0.2"
  resolved "https://onedrive.pkgs.visualstudio.com/_packaging/odsp-npm/npm/registry/braces/-/braces-3.0.2.tgz#3454e1a462ee8d599e236df336cd9ea4f8afe107"
  integrity sha1-NFThpGLujVmeI23zNs2epPiv4Qc=
  dependencies:
    fill-range "^7.0.1"

cacheable-request@^6.0.0:
  version "6.1.0"
  resolved "https://onedrive.pkgs.visualstudio.com/_packaging/odsp-npm/npm/registry/cacheable-request/-/cacheable-request-6.1.0.tgz#20ffb8bd162ba4be11e9567d823db651052ca912"
  integrity sha1-IP+4vRYrpL4R6VZ9gj22UQUsqRI=
  dependencies:
    clone-response "^1.0.2"
    get-stream "^5.1.0"
    http-cache-semantics "^4.0.0"
    keyv "^3.0.0"
    lowercase-keys "^2.0.0"
    normalize-url "^4.1.0"
    responselike "^1.0.2"

camelcase@^6.2.0:
  version "6.2.0"
  resolved "https://onedrive.pkgs.visualstudio.com/_packaging/odsp-npm/npm/registry/camelcase/-/camelcase-6.2.0.tgz#924af881c9d525ac9d87f40d964e5cea982a1809"
  integrity sha1-kkr4gcnVJaydh/QNlk5c6pgqGAk=

chalk@^4.1.0:
  version "4.1.2"
  resolved "https://onedrive.pkgs.visualstudio.com/_packaging/odsp-npm/npm/registry/chalk/-/chalk-4.1.2.tgz#aac4e2b7734a740867aeb16bf02aad556a1e7a01"
  integrity sha1-qsTit3NKdAhnrrFr8CqtVWoeegE=
  dependencies:
    ansi-styles "^4.1.0"
    supports-color "^7.1.0"

chokidar@^3.2.2:
  version "3.5.2"
  resolved "https://onedrive.pkgs.visualstudio.com/_packaging/odsp-npm/npm/registry/chokidar/-/chokidar-3.5.2.tgz#dba3976fcadb016f66fd365021d91600d01c1e75"
  integrity sha1-26OXb8rbAW9m/TZQIdkWANAcHnU=
  dependencies:
    anymatch "~3.1.2"
    braces "~3.0.2"
    glob-parent "~5.1.2"
    is-binary-path "~2.1.0"
    is-glob "~4.0.1"
    normalize-path "~3.0.0"
    readdirp "~3.6.0"
  optionalDependencies:
    fsevents "~2.3.2"

ci-info@^2.0.0:
  version "2.0.0"
  resolved "https://onedrive.pkgs.visualstudio.com/_packaging/odsp-npm/npm/registry/ci-info/-/ci-info-2.0.0.tgz#67a9e964be31a51e15e5010d58e6f12834002f46"
  integrity sha1-Z6npZL4xpR4V5QENWObxKDQAL0Y=

cli-boxes@^2.2.1:
  version "2.2.1"
  resolved "https://onedrive.pkgs.visualstudio.com/_packaging/odsp-npm/npm/registry/cli-boxes/-/cli-boxes-2.2.1.tgz#ddd5035d25094fce220e9cab40a45840a440318f"
  integrity sha1-3dUDXSUJT84iDpyrQKRYQKRAMY8=

clone-response@^1.0.2:
  version "1.0.2"
  resolved "https://onedrive.pkgs.visualstudio.com/_packaging/odsp-npm/npm/registry/clone-response/-/clone-response-1.0.2.tgz#d1dc973920314df67fbeb94223b4ee350239e96b"
  integrity sha1-0dyXOSAxTfZ/vrlCI7TuNQI56Ws=
  dependencies:
    mimic-response "^1.0.0"

code-block-writer@^10.1.1:
  version "10.1.1"
  resolved "https://onedrive.pkgs.visualstudio.com/_packaging/odsp-npm/npm/registry/code-block-writer/-/code-block-writer-10.1.1.tgz#ad5684ed4bfb2b0783c8b131281ae84ee640a42f"
  integrity sha1-rVaE7Uv7KweDyLExKBroTuZApC8=

color-convert@^2.0.1:
  version "2.0.1"
  resolved "https://onedrive.pkgs.visualstudio.com/_packaging/odsp-npm/npm/registry/color-convert/-/color-convert-2.0.1.tgz#72d3a68d598c9bdb3af2ad1e84f21d896abd4de3"
  integrity sha1-ctOmjVmMm9s68q0ehPIdiWq9TeM=
  dependencies:
    color-name "~1.1.4"

color-name@~1.1.4:
  version "1.1.4"
  resolved "https://onedrive.pkgs.visualstudio.com/_packaging/odsp-npm/npm/registry/color-name/-/color-name-1.1.4.tgz#c2a09a87acbde69543de6f63fa3995c826c536a2"
  integrity sha1-wqCah6y95pVD3m9j+jmVyCbFNqI=

concat-map@0.0.1:
  version "0.0.1"
  resolved "https://onedrive.pkgs.visualstudio.com/_packaging/odsp-npm/npm/registry/concat-map/-/concat-map-0.0.1.tgz#d8a96bd77fd68df7793a73036a3ba0d5405d477b"
  integrity sha1-2Klr13/Wjfd5OnMDajug1UBdR3s=

configstore@^5.0.1:
  version "5.0.1"
  resolved "https://onedrive.pkgs.visualstudio.com/_packaging/odsp-npm/npm/registry/configstore/-/configstore-5.0.1.tgz#d365021b5df4b98cdd187d6a3b0e3f6a7cc5ed96"
  integrity sha1-02UCG130uYzdGH1qOw4/anzF7ZY=
  dependencies:
    dot-prop "^5.2.0"
    graceful-fs "^4.1.2"
    make-dir "^3.0.0"
    unique-string "^2.0.0"
    write-file-atomic "^3.0.0"
    xdg-basedir "^4.0.0"

create-require@^1.1.0:
  version "1.1.1"
  resolved "https://onedrive.pkgs.visualstudio.com/_packaging/odsp-npm/npm/registry/create-require/-/create-require-1.1.1.tgz#c1d7e8f1e5f6cfc9ff65f9cd352d37348756c333"
  integrity sha1-wdfo8eX2z8n/ZfnNNS03NIdWwzM=

crypto-random-string@^2.0.0:
  version "2.0.0"
  resolved "https://onedrive.pkgs.visualstudio.com/_packaging/odsp-npm/npm/registry/crypto-random-string/-/crypto-random-string-2.0.0.tgz#ef2a7a966ec11083388369baa02ebead229b30d5"
  integrity sha1-7yp6lm7BEIM4g2m6oC6+rSKbMNU=

debug@^2.2.0:
  version "2.6.9"
  resolved "https://onedrive.pkgs.visualstudio.com/_packaging/odsp-npm/npm/registry/debug/-/debug-2.6.9.tgz#5d128515df134ff327e90a4c93f4e077a536341f"
  integrity sha1-XRKFFd8TT/Mn6QpMk/Tgd6U2NB8=
  dependencies:
    ms "2.0.0"

debug@^3.2.6:
  version "3.2.7"
  resolved "https://onedrive.pkgs.visualstudio.com/_packaging/odsp-npm/npm/registry/debug/-/debug-3.2.7.tgz#72580b7e9145fb39b6676f9c5e5fb100b934179a"
  integrity sha1-clgLfpFF+zm2Z2+cXl+xALk0F5o=
  dependencies:
    ms "^2.1.1"

decompress-response@^3.3.0:
  version "3.3.0"
  resolved "https://onedrive.pkgs.visualstudio.com/_packaging/odsp-npm/npm/registry/decompress-response/-/decompress-response-3.3.0.tgz#80a4dd323748384bfa248083622aedec982adff3"
  integrity sha1-gKTdMjdIOEv6JICDYirt7Jgq3/M=
  dependencies:
    mimic-response "^1.0.0"

deep-extend@^0.6.0:
  version "0.6.0"
  resolved "https://onedrive.pkgs.visualstudio.com/_packaging/odsp-npm/npm/registry/deep-extend/-/deep-extend-0.6.0.tgz#c4fa7c95404a17a9c3e8ca7e1537312b736330ac"
  integrity sha1-xPp8lUBKF6nD6Mp+FTcxK3NjMKw=

defer-to-connect@^1.0.1:
  version "1.1.3"
  resolved "https://onedrive.pkgs.visualstudio.com/_packaging/odsp-npm/npm/registry/defer-to-connect/-/defer-to-connect-1.1.3.tgz#331ae050c08dcf789f8c83a7b81f0ed94f4ac591"
  integrity sha1-MxrgUMCNz3ifjIOnuB8O2U9KxZE=

diff@^4.0.1:
  version "4.0.2"
  resolved "https://onedrive.pkgs.visualstudio.com/_packaging/odsp-npm/npm/registry/diff/-/diff-4.0.2.tgz#60f3aecb89d5fae520c11aa19efc2bb982aade7d"
  integrity sha1-YPOuy4nV+uUgwRqhnvwruYKq3n0=

dot-prop@^5.2.0:
  version "5.3.0"
  resolved "https://onedrive.pkgs.visualstudio.com/_packaging/odsp-npm/npm/registry/dot-prop/-/dot-prop-5.3.0.tgz#90ccce708cd9cd82cc4dc8c3ddd9abdd55b20e88"
  integrity sha1-kMzOcIzZzYLMTcjD3dmr3VWyDog=
  dependencies:
    is-obj "^2.0.0"

duplexer3@^0.1.4:
  version "0.1.4"
  resolved "https://onedrive.pkgs.visualstudio.com/_packaging/odsp-npm/npm/registry/duplexer3/-/duplexer3-0.1.4.tgz#ee01dd1cac0ed3cbc7fdbea37dc0a8f1ce002ce2"
  integrity sha1-7gHdHKwO08vH/b6jfcCo8c4ALOI=

emoji-regex@^8.0.0:
  version "8.0.0"
  resolved "https://onedrive.pkgs.visualstudio.com/_packaging/odsp-npm/npm/registry/emoji-regex/-/emoji-regex-8.0.0.tgz#e818fd69ce5ccfcb404594f842963bf53164cc37"
  integrity sha1-6Bj9ac5cz8tARZT4QpY79TFkzDc=

end-of-stream@^1.1.0:
  version "1.4.4"
  resolved "https://onedrive.pkgs.visualstudio.com/_packaging/odsp-npm/npm/registry/end-of-stream/-/end-of-stream-1.4.4.tgz#5ae64a5f45057baf3626ec14da0ca5e4b2431eb0"
  integrity sha1-WuZKX0UFe682JuwU2gyl5LJDHrA=
  dependencies:
    once "^1.4.0"

escape-goat@^2.0.0:
  version "2.1.1"
  resolved "https://onedrive.pkgs.visualstudio.com/_packaging/odsp-npm/npm/registry/escape-goat/-/escape-goat-2.1.1.tgz#1b2dc77003676c457ec760b2dc68edb648188675"
  integrity sha1-Gy3HcANnbEV+x2Cy3GjttkgYhnU=

fast-glob@^3.2.7:
  version "3.2.7"
  resolved "https://onedrive.pkgs.visualstudio.com/_packaging/odsp-npm/npm/registry/fast-glob/-/fast-glob-3.2.7.tgz#fd6cb7a2d7e9aa7a7846111e85a196d6b2f766a1"
  integrity sha1-/Wy3otfpqnp4RhEehaGW1rL3ZqE=
  dependencies:
    "@nodelib/fs.stat" "^2.0.2"
    "@nodelib/fs.walk" "^1.2.3"
    glob-parent "^5.1.2"
    merge2 "^1.3.0"
    micromatch "^4.0.4"

fastq@^1.6.0:
  version "1.13.0"
  resolved "https://onedrive.pkgs.visualstudio.com/_packaging/odsp-npm/npm/registry/fastq/-/fastq-1.13.0.tgz#616760f88a7526bdfc596b7cab8c18938c36b98c"
  integrity sha1-YWdg+Ip1Jr38WWt8q4wYk4w2uYw=
  dependencies:
    reusify "^1.0.4"

fill-range@^7.0.1:
  version "7.0.1"
  resolved "https://onedrive.pkgs.visualstudio.com/_packaging/odsp-npm/npm/registry/fill-range/-/fill-range-7.0.1.tgz#1919a6a7c75fe38b2c7c77e5198535da9acdda40"
  integrity sha1-GRmmp8df44ssfHflGYU12prN2kA=
  dependencies:
    to-regex-range "^5.0.1"

fsevents@~2.3.2:
  version "2.3.2"
  resolved "https://onedrive.pkgs.visualstudio.com/_packaging/odsp-npm/npm/registry/fsevents/-/fsevents-2.3.2.tgz#8a526f78b8fdf4623b709e0b975c52c24c02fd1a"
  integrity sha1-ilJveLj99GI7cJ4Ll1xSwkwC/Ro=

get-stream@^4.1.0:
  version "4.1.0"
  resolved "https://onedrive.pkgs.visualstudio.com/_packaging/odsp-npm/npm/registry/get-stream/-/get-stream-4.1.0.tgz#c1b255575f3dc21d59bfc79cd3d2b46b1c3a54b5"
  integrity sha1-wbJVV189wh1Zv8ec09K0axw6VLU=
  dependencies:
    pump "^3.0.0"

get-stream@^5.1.0:
  version "5.2.0"
  resolved "https://onedrive.pkgs.visualstudio.com/_packaging/odsp-npm/npm/registry/get-stream/-/get-stream-5.2.0.tgz#4966a1795ee5ace65e706c4b7beb71257d6e22d3"
  integrity sha1-SWaheV7lrOZecGxLe+txJX1uItM=
  dependencies:
    pump "^3.0.0"

glob-parent@^5.1.2, glob-parent@~5.1.2:
  version "5.1.2"
  resolved "https://onedrive.pkgs.visualstudio.com/_packaging/odsp-npm/npm/registry/glob-parent/-/glob-parent-5.1.2.tgz#869832c58034fe68a4093c17dc15e8340d8401c4"
  integrity sha1-hpgyxYA0/mikCTwX3BXoNA2EAcQ=
  dependencies:
    is-glob "^4.0.1"

global-dirs@^3.0.0:
  version "3.0.0"
  resolved "https://onedrive.pkgs.visualstudio.com/_packaging/odsp-npm/npm/registry/global-dirs/-/global-dirs-3.0.0.tgz#70a76fe84ea315ab37b1f5576cbde7d48ef72686"
  integrity sha1-cKdv6E6jFas3sfVXbL3n1I73JoY=
  dependencies:
    ini "2.0.0"

got@^9.6.0:
  version "9.6.0"
  resolved "https://onedrive.pkgs.visualstudio.com/_packaging/odsp-npm/npm/registry/got/-/got-9.6.0.tgz#edf45e7d67f99545705de1f7bbeeeb121765ed85"
  integrity sha1-7fRefWf5lUVwXeH3u+7rEhdl7YU=
  dependencies:
    "@sindresorhus/is" "^0.14.0"
    "@szmarczak/http-timer" "^1.1.2"
    cacheable-request "^6.0.0"
    decompress-response "^3.3.0"
    duplexer3 "^0.1.4"
    get-stream "^4.1.0"
    lowercase-keys "^1.0.1"
    mimic-response "^1.0.1"
    p-cancelable "^1.0.0"
    to-readable-stream "^1.0.0"
    url-parse-lax "^3.0.0"

graceful-fs@^4.1.2:
  version "4.2.8"
  resolved "https://onedrive.pkgs.visualstudio.com/_packaging/odsp-npm/npm/registry/graceful-fs/-/graceful-fs-4.2.8.tgz#e412b8d33f5e006593cbd3cee6df9f2cebbe802a"
  integrity sha1-5BK40z9eAGWTy9PO5t+fLOu+gCo=

has-flag@^3.0.0:
  version "3.0.0"
  resolved "https://onedrive.pkgs.visualstudio.com/_packaging/odsp-npm/npm/registry/has-flag/-/has-flag-3.0.0.tgz#b5d454dc2199ae225699f3467e5a07f3b955bafd"
  integrity sha1-tdRU3CGZriJWmfNGfloH87lVuv0=

has-flag@^4.0.0:
  version "4.0.0"
  resolved "https://onedrive.pkgs.visualstudio.com/_packaging/odsp-npm/npm/registry/has-flag/-/has-flag-4.0.0.tgz#944771fd9c81c81265c4d6941860da06bb59479b"
  integrity sha1-lEdx/ZyByBJlxNaUGGDaBrtZR5s=

has-yarn@^2.1.0:
  version "2.1.0"
  resolved "https://onedrive.pkgs.visualstudio.com/_packaging/odsp-npm/npm/registry/has-yarn/-/has-yarn-2.1.0.tgz#137e11354a7b5bf11aa5cb649cf0c6f3ff2b2e77"
  integrity sha1-E34RNUp7W/EapctknPDG8/8rLnc=

http-cache-semantics@^4.0.0:
  version "4.1.0"
  resolved "https://onedrive.pkgs.visualstudio.com/_packaging/odsp-npm/npm/registry/http-cache-semantics/-/http-cache-semantics-4.1.0.tgz#49e91c5cbf36c9b94bcfcd71c23d5249ec74e390"
  integrity sha1-SekcXL82yblLz81xwj1SSex045A=

ignore-by-default@^1.0.1:
  version "1.0.1"
  resolved "https://onedrive.pkgs.visualstudio.com/_packaging/odsp-npm/npm/registry/ignore-by-default/-/ignore-by-default-1.0.1.tgz#48ca6d72f6c6a3af00a9ad4ae6876be3889e2b09"
  integrity sha1-SMptcvbGo68Aqa1K5odr44ieKwk=

import-lazy@^2.1.0:
  version "2.1.0"
  resolved "https://onedrive.pkgs.visualstudio.com/_packaging/odsp-npm/npm/registry/import-lazy/-/import-lazy-2.1.0.tgz#05698e3d45c88e8d7e9d92cb0584e77f096f3e43"
  integrity sha1-BWmOPUXIjo1+nZLLBYTnfwlvPkM=

imurmurhash@^0.1.4:
  version "0.1.4"
  resolved "https://onedrive.pkgs.visualstudio.com/_packaging/odsp-npm/npm/registry/imurmurhash/-/imurmurhash-0.1.4.tgz#9218b9b2b928a238b13dc4fb6b6d576f231453ea"
  integrity sha1-khi5srkoojixPcT7a21XbyMUU+o=

ini@2.0.0:
  version "2.0.0"
  resolved "https://onedrive.pkgs.visualstudio.com/_packaging/odsp-npm/npm/registry/ini/-/ini-2.0.0.tgz#e5fd556ecdd5726be978fa1001862eacb0a94bc5"
  integrity sha1-5f1Vbs3VcmvpePoQAYYurLCpS8U=

ini@~1.3.0:
  version "1.3.8"
  resolved "https://onedrive.pkgs.visualstudio.com/_packaging/odsp-npm/npm/registry/ini/-/ini-1.3.8.tgz#a29da425b48806f34767a4efce397269af28432c"
  integrity sha1-op2kJbSIBvNHZ6Tvzjlyaa8oQyw=

is-binary-path@~2.1.0:
  version "2.1.0"
  resolved "https://onedrive.pkgs.visualstudio.com/_packaging/odsp-npm/npm/registry/is-binary-path/-/is-binary-path-2.1.0.tgz#ea1f7f3b80f064236e83470f86c09c254fb45b09"
  integrity sha1-6h9/O4DwZCNug0cPhsCcJU+0Wwk=
  dependencies:
    binary-extensions "^2.0.0"

is-ci@^2.0.0:
  version "2.0.0"
  resolved "https://onedrive.pkgs.visualstudio.com/_packaging/odsp-npm/npm/registry/is-ci/-/is-ci-2.0.0.tgz#6bc6334181810e04b5c22b3d589fdca55026404c"
  integrity sha1-a8YzQYGBDgS1wis9WJ/cpVAmQEw=
  dependencies:
    ci-info "^2.0.0"

is-extglob@^2.1.1:
  version "2.1.1"
  resolved "https://onedrive.pkgs.visualstudio.com/_packaging/odsp-npm/npm/registry/is-extglob/-/is-extglob-2.1.1.tgz#a88c02535791f02ed37c76a1b9ea9773c833f8c2"
  integrity sha1-qIwCU1eR8C7TfHahueqXc8gz+MI=

is-fullwidth-code-point@^3.0.0:
  version "3.0.0"
  resolved "https://onedrive.pkgs.visualstudio.com/_packaging/odsp-npm/npm/registry/is-fullwidth-code-point/-/is-fullwidth-code-point-3.0.0.tgz#f116f8064fe90b3f7844a38997c0b75051269f1d"
  integrity sha1-8Rb4Bk/pCz94RKOJl8C3UFEmnx0=

is-glob@^4.0.1, is-glob@~4.0.1:
  version "4.0.3"
  resolved "https://onedrive.pkgs.visualstudio.com/_packaging/odsp-npm/npm/registry/is-glob/-/is-glob-4.0.3.tgz#64f61e42cbbb2eec2071a9dac0b28ba1e65d5084"
  integrity sha1-ZPYeQsu7LuwgcanawLKLoeZdUIQ=
  dependencies:
    is-extglob "^2.1.1"

is-installed-globally@^0.4.0:
  version "0.4.0"
  resolved "https://onedrive.pkgs.visualstudio.com/_packaging/odsp-npm/npm/registry/is-installed-globally/-/is-installed-globally-0.4.0.tgz#9a0fd407949c30f86eb6959ef1b7994ed0b7b520"
  integrity sha1-mg/UB5ScMPhutpWe8beZTtC3tSA=
  dependencies:
    global-dirs "^3.0.0"
    is-path-inside "^3.0.2"

is-npm@^5.0.0:
  version "5.0.0"
  resolved "https://onedrive.pkgs.visualstudio.com/_packaging/odsp-npm/npm/registry/is-npm/-/is-npm-5.0.0.tgz#43e8d65cc56e1b67f8d47262cf667099193f45a8"
  integrity sha1-Q+jWXMVuG2f41HJiz2ZwmRk/Rag=

is-number@^7.0.0:
  version "7.0.0"
  resolved "https://onedrive.pkgs.visualstudio.com/_packaging/odsp-npm/npm/registry/is-number/-/is-number-7.0.0.tgz#7535345b896734d5f80c4d06c50955527a14f12b"
  integrity sha1-dTU0W4lnNNX4DE0GxQlVUnoU8Ss=

is-obj@^2.0.0:
  version "2.0.0"
  resolved "https://onedrive.pkgs.visualstudio.com/_packaging/odsp-npm/npm/registry/is-obj/-/is-obj-2.0.0.tgz#473fb05d973705e3fd9620545018ca8e22ef4982"
  integrity sha1-Rz+wXZc3BeP9liBUUBjKjiLvSYI=

is-path-inside@^3.0.2:
  version "3.0.3"
  resolved "https://onedrive.pkgs.visualstudio.com/_packaging/odsp-npm/npm/registry/is-path-inside/-/is-path-inside-3.0.3.tgz#d231362e53a07ff2b0e0ea7fed049161ffd16283"
  integrity sha1-0jE2LlOgf/Kw4Op/7QSRYf/RYoM=

is-typedarray@^1.0.0:
  version "1.0.0"
  resolved "https://onedrive.pkgs.visualstudio.com/_packaging/odsp-npm/npm/registry/is-typedarray/-/is-typedarray-1.0.0.tgz#e479c80858df0c1b11ddda6940f96011fcda4a9a"
  integrity sha1-5HnICFjfDBsR3dppQPlgEfzaSpo=

is-yarn-global@^0.3.0:
  version "0.3.0"
  resolved "https://onedrive.pkgs.visualstudio.com/_packaging/odsp-npm/npm/registry/is-yarn-global/-/is-yarn-global-0.3.0.tgz#d502d3382590ea3004893746754c89139973e232"
  integrity sha1-1QLTOCWQ6jAEiTdGdUyJE5lz4jI=

json-buffer@3.0.0:
  version "3.0.0"
  resolved "https://onedrive.pkgs.visualstudio.com/_packaging/odsp-npm/npm/registry/json-buffer/-/json-buffer-3.0.0.tgz#5b1f397afc75d677bde8bcfc0e47e1f9a3d9a898"
  integrity sha1-Wx85evx11ne96Lz8Dkfh+aPZqJg=

keyv@^3.0.0:
  version "3.1.0"
  resolved "https://onedrive.pkgs.visualstudio.com/_packaging/odsp-npm/npm/registry/keyv/-/keyv-3.1.0.tgz#ecc228486f69991e49e9476485a5be1e8fc5c4d9"
  integrity sha1-7MIoSG9pmR5J6UdkhaW+Ho/FxNk=
  dependencies:
    json-buffer "3.0.0"

latest-version@^5.1.0:
  version "5.1.0"
  resolved "https://onedrive.pkgs.visualstudio.com/_packaging/odsp-npm/npm/registry/latest-version/-/latest-version-5.1.0.tgz#119dfe908fe38d15dfa43ecd13fa12ec8832face"
  integrity sha1-EZ3+kI/jjRXfpD7NE/oS7Igy+s4=
  dependencies:
    package-json "^6.3.0"

lowercase-keys@^1.0.0, lowercase-keys@^1.0.1:
  version "1.0.1"
  resolved "https://onedrive.pkgs.visualstudio.com/_packaging/odsp-npm/npm/registry/lowercase-keys/-/lowercase-keys-1.0.1.tgz#6f9e30b47084d971a7c820ff15a6c5167b74c26f"
  integrity sha1-b54wtHCE2XGnyCD/FabFFnt0wm8=

lowercase-keys@^2.0.0:
  version "2.0.0"
  resolved "https://onedrive.pkgs.visualstudio.com/_packaging/odsp-npm/npm/registry/lowercase-keys/-/lowercase-keys-2.0.0.tgz#2603e78b7b4b0006cbca2fbcc8a3202558ac9479"
  integrity sha1-JgPni3tLAAbLyi+8yKMgJVislHk=

lru-cache@^6.0.0:
  version "6.0.0"
  resolved "https://onedrive.pkgs.visualstudio.com/_packaging/odsp-npm/npm/registry/lru-cache/-/lru-cache-6.0.0.tgz#6d6fe6570ebd96aaf90fcad1dafa3b2566db3a94"
  integrity sha1-bW/mVw69lqr5D8rR2vo7JWbbOpQ=
  dependencies:
    yallist "^4.0.0"

make-dir@^3.0.0:
  version "3.1.0"
  resolved "https://onedrive.pkgs.visualstudio.com/_packaging/odsp-npm/npm/registry/make-dir/-/make-dir-3.1.0.tgz#415e967046b3a7f1d185277d84aa58203726a13f"
  integrity sha1-QV6WcEazp/HRhSd9hKpYIDcmoT8=
  dependencies:
    semver "^6.0.0"

make-error@^1.1.1:
  version "1.3.6"
  resolved "https://onedrive.pkgs.visualstudio.com/_packaging/odsp-npm/npm/registry/make-error/-/make-error-1.3.6.tgz#2eb2e37ea9b67c4891f684a1394799af484cf7a2"
  integrity sha1-LrLjfqm2fEiR9oShOUeZr0hM96I=

merge2@^1.3.0:
  version "1.4.1"
  resolved "https://onedrive.pkgs.visualstudio.com/_packaging/odsp-npm/npm/registry/merge2/-/merge2-1.4.1.tgz#4368892f885e907455a6fd7dc55c0c9d404990ae"
  integrity sha1-Q2iJL4hekHRVpv19xVwMnUBJkK4=

micromatch@^4.0.4:
  version "4.0.4"
  resolved "https://onedrive.pkgs.visualstudio.com/_packaging/odsp-npm/npm/registry/micromatch/-/micromatch-4.0.4.tgz#896d519dfe9db25fce94ceb7a500919bf881ebf9"
  integrity sha1-iW1Rnf6dsl/OlM63pQCRm/iB6/k=
  dependencies:
    braces "^3.0.1"
    picomatch "^2.2.3"

mimic-response@^1.0.0, mimic-response@^1.0.1:
  version "1.0.1"
  resolved "https://onedrive.pkgs.visualstudio.com/_packaging/odsp-npm/npm/registry/mimic-response/-/mimic-response-1.0.1.tgz#4923538878eef42063cb8a3e3b0798781487ab1b"
  integrity sha1-SSNTiHju9CBjy4o+OweYeBSHqxs=

minimatch@^3.0.4:
  version "3.0.4"
  resolved "https://onedrive.pkgs.visualstudio.com/_packaging/odsp-npm/npm/registry/minimatch/-/minimatch-3.0.4.tgz#5166e286457f03306064be5497e8dbb0c3d32083"
  integrity sha1-UWbihkV/AzBgZL5Ul+jbsMPTIIM=
  dependencies:
    brace-expansion "^1.1.7"

minimist@^1.2.0:
  version "1.2.5"
  resolved "https://onedrive.pkgs.visualstudio.com/_packaging/odsp-npm/npm/registry/minimist/-/minimist-1.2.5.tgz#67d66014b66a6a8aaa0c083c5fd58df4e4e97602"
  integrity sha1-Z9ZgFLZqaoqqDAg8X9WN9OTpdgI=

mkdirp@^1.0.4:
  version "1.0.4"
  resolved "https://onedrive.pkgs.visualstudio.com/_packaging/odsp-npm/npm/registry/mkdirp/-/mkdirp-1.0.4.tgz#3eb5ed62622756d79a5f0e2a221dfebad75c2f7e"
  integrity sha1-PrXtYmInVteaXw4qIh3+utdcL34=

ms@2.0.0:
  version "2.0.0"
  resolved "https://onedrive.pkgs.visualstudio.com/_packaging/odsp-npm/npm/registry/ms/-/ms-2.0.0.tgz#5608aeadfc00be6c2901df5f9861788de0d597c8"
  integrity sha1-VgiurfwAvmwpAd9fmGF4jeDVl8g=

ms@^2.1.1:
  version "2.1.3"
  resolved "https://onedrive.pkgs.visualstudio.com/_packaging/odsp-npm/npm/registry/ms/-/ms-2.1.3.tgz#574c8138ce1d2b5861f0b44579dbadd60c6615b2"
  integrity sha1-V0yBOM4dK1hh8LRFedut1gxmFbI=

nodemon@^2.0.13:
  version "2.0.13"
  resolved "https://onedrive.pkgs.visualstudio.com/_packaging/odsp-npm/npm/registry/nodemon/-/nodemon-2.0.13.tgz#67d40d3a4d5bd840aa785c56587269cfcf5d24aa"
  integrity sha1-Z9QNOk1b2ECqeFxWWHJpz89dJKo=
  dependencies:
    chokidar "^3.2.2"
    debug "^3.2.6"
    ignore-by-default "^1.0.1"
    minimatch "^3.0.4"
    pstree.remy "^1.1.7"
    semver "^5.7.1"
    supports-color "^5.5.0"
    touch "^3.1.0"
    undefsafe "^2.0.3"
    update-notifier "^5.1.0"

nopt@~1.0.10:
  version "1.0.10"
  resolved "https://onedrive.pkgs.visualstudio.com/_packaging/odsp-npm/npm/registry/nopt/-/nopt-1.0.10.tgz#6ddd21bd2a31417b92727dd585f8a6f37608ebee"
  integrity sha1-bd0hvSoxQXuScn3Vhfim83YI6+4=
  dependencies:
    abbrev "1"

normalize-path@^3.0.0, normalize-path@~3.0.0:
  version "3.0.0"
  resolved "https://onedrive.pkgs.visualstudio.com/_packaging/odsp-npm/npm/registry/normalize-path/-/normalize-path-3.0.0.tgz#0dcd69ff23a1c9b11fd0978316644a0388216a65"
  integrity sha1-Dc1p/yOhybEf0JeDFmRKA4ghamU=

normalize-url@^4.1.0:
  version "4.5.1"
  resolved "https://onedrive.pkgs.visualstudio.com/_packaging/odsp-npm/npm/registry/normalize-url/-/normalize-url-4.5.1.tgz#0dd90cf1288ee1d1313b87081c9a5932ee48518a"
  integrity sha1-DdkM8SiO4dExO4cIHJpZMu5IUYo=

once@^1.3.1, once@^1.4.0:
  version "1.4.0"
  resolved "https://onedrive.pkgs.visualstudio.com/_packaging/odsp-npm/npm/registry/once/-/once-1.4.0.tgz#583b1aa775961d4b113ac17d9c50baef9dd76bd1"
  integrity sha1-WDsap3WWHUsROsF9nFC6753Xa9E=
  dependencies:
    wrappy "1"

p-cancelable@^1.0.0:
  version "1.1.0"
  resolved "https://onedrive.pkgs.visualstudio.com/_packaging/odsp-npm/npm/registry/p-cancelable/-/p-cancelable-1.1.0.tgz#d078d15a3af409220c886f1d9a0ca2e441ab26cc"
  integrity sha1-0HjRWjr0CSIMiG8dmgyi5EGrJsw=

package-json@^6.3.0:
  version "6.5.0"
  resolved "https://onedrive.pkgs.visualstudio.com/_packaging/odsp-npm/npm/registry/package-json/-/package-json-6.5.0.tgz#6feedaca35e75725876d0b0e64974697fed145b0"
  integrity sha1-b+7ayjXnVyWHbQsOZJdGl/7RRbA=
  dependencies:
    got "^9.6.0"
    registry-auth-token "^4.0.0"
    registry-url "^5.0.0"
    semver "^6.2.0"

path-browserify@^1.0.1:
  version "1.0.1"
  resolved "https://onedrive.pkgs.visualstudio.com/_packaging/odsp-npm/npm/registry/path-browserify/-/path-browserify-1.0.1.tgz#d98454a9c3753d5790860f16f68867b9e46be1fd"
  integrity sha1-2YRUqcN1PVeQhg8W9ohnueRr4f0=

picomatch@^2.0.4, picomatch@^2.2.1, picomatch@^2.2.3:
  version "2.3.0"
  resolved "https://onedrive.pkgs.visualstudio.com/_packaging/odsp-npm/npm/registry/picomatch/-/picomatch-2.3.0.tgz#f1f061de8f6a4bf022892e2d128234fb98302972"
  integrity sha1-8fBh3o9qS/AiiS4tEoI0+5gwKXI=

prepend-http@^2.0.0:
  version "2.0.0"
  resolved "https://onedrive.pkgs.visualstudio.com/_packaging/odsp-npm/npm/registry/prepend-http/-/prepend-http-2.0.0.tgz#e92434bfa5ea8c19f41cdfd401d741a3c819d897"
  integrity sha1-6SQ0v6XqjBn0HN/UAddBo8gZ2Jc=

pstree.remy@^1.1.7:
  version "1.1.8"
  resolved "https://onedrive.pkgs.visualstudio.com/_packaging/odsp-npm/npm/registry/pstree.remy/-/pstree.remy-1.1.8.tgz#c242224f4a67c21f686839bbdb4ac282b8373d3a"
  integrity sha1-wkIiT0pnwh9oaDm720rCgrg3PTo=

pump@^3.0.0:
  version "3.0.0"
  resolved "https://onedrive.pkgs.visualstudio.com/_packaging/odsp-npm/npm/registry/pump/-/pump-3.0.0.tgz#b4a2116815bde2f4e1ea602354e8c75565107a64"
  integrity sha1-tKIRaBW94vTh6mAjVOjHVWUQemQ=
  dependencies:
    end-of-stream "^1.1.0"
    once "^1.3.1"

pupa@^2.1.1:
  version "2.1.1"
  resolved "https://onedrive.pkgs.visualstudio.com/_packaging/odsp-npm/npm/registry/pupa/-/pupa-2.1.1.tgz#f5e8fd4afc2c5d97828faa523549ed8744a20d62"
  integrity sha1-9ej9SvwsXZeCj6pSNUnth0SiDWI=
  dependencies:
    escape-goat "^2.0.0"

queue-microtask@^1.2.2:
  version "1.2.3"
  resolved "https://onedrive.pkgs.visualstudio.com/_packaging/odsp-npm/npm/registry/queue-microtask/-/queue-microtask-1.2.3.tgz#4929228bbc724dfac43e0efb058caf7b6cfb6243"
  integrity sha1-SSkii7xyTfrEPg77BYyve2z7YkM=

rc@^1.2.8:
  version "1.2.8"
  resolved "https://onedrive.pkgs.visualstudio.com/_packaging/odsp-npm/npm/registry/rc/-/rc-1.2.8.tgz#cd924bf5200a075b83c188cd6b9e211b7fc0d3ed"
  integrity sha1-zZJL9SAKB1uDwYjNa54hG3/A0+0=
  dependencies:
    deep-extend "^0.6.0"
    ini "~1.3.0"
    minimist "^1.2.0"
    strip-json-comments "~2.0.1"

readdirp@~3.6.0:
  version "3.6.0"
  resolved "https://onedrive.pkgs.visualstudio.com/_packaging/odsp-npm/npm/registry/readdirp/-/readdirp-3.6.0.tgz#74a370bd857116e245b29cc97340cd431a02a6c7"
  integrity sha1-dKNwvYVxFuJFspzJc0DNQxoCpsc=
  dependencies:
    picomatch "^2.2.1"

registry-auth-token@^4.0.0:
  version "4.2.1"
  resolved "https://onedrive.pkgs.visualstudio.com/_packaging/odsp-npm/npm/registry/registry-auth-token/-/registry-auth-token-4.2.1.tgz#6d7b4006441918972ccd5fedcd41dc322c79b250"
  integrity sha1-bXtABkQZGJcszV/tzUHcMix5slA=
  dependencies:
    rc "^1.2.8"

registry-url@^5.0.0:
  version "5.1.0"
  resolved "https://onedrive.pkgs.visualstudio.com/_packaging/odsp-npm/npm/registry/registry-url/-/registry-url-5.1.0.tgz#e98334b50d5434b81136b44ec638d9c2009c5009"
  integrity sha1-6YM0tQ1UNLgRNrROxjjZwgCcUAk=
  dependencies:
    rc "^1.2.8"

responselike@^1.0.2:
  version "1.0.2"
  resolved "https://onedrive.pkgs.visualstudio.com/_packaging/odsp-npm/npm/registry/responselike/-/responselike-1.0.2.tgz#918720ef3b631c5642be068f15ade5a46f4ba1e7"
  integrity sha1-kYcg7ztjHFZCvgaPFa3lpG9Loec=
  dependencies:
    lowercase-keys "^1.0.0"

reusify@^1.0.4:
  version "1.0.4"
  resolved "https://onedrive.pkgs.visualstudio.com/_packaging/odsp-npm/npm/registry/reusify/-/reusify-1.0.4.tgz#90da382b1e126efc02146e90845a88db12925d76"
  integrity sha1-kNo4Kx4SbvwCFG6QhFqI2xKSXXY=

run-parallel@^1.1.9:
  version "1.2.0"
  resolved "https://onedrive.pkgs.visualstudio.com/_packaging/odsp-npm/npm/registry/run-parallel/-/run-parallel-1.2.0.tgz#66d1368da7bdf921eb9d95bd1a9229e7f21a43ee"
  integrity sha1-ZtE2jae9+SHrnZW9GpIp5/IaQ+4=
  dependencies:
    queue-microtask "^1.2.2"

semver-diff@^3.1.1:
  version "3.1.1"
  resolved "https://onedrive.pkgs.visualstudio.com/_packaging/odsp-npm/npm/registry/semver-diff/-/semver-diff-3.1.1.tgz#05f77ce59f325e00e2706afd67bb506ddb1ca32b"
  integrity sha1-Bfd85Z8yXgDicGr9Z7tQbdscoys=
  dependencies:
    semver "^6.3.0"

semver@^5.7.1:
  version "5.7.1"
  resolved "https://onedrive.pkgs.visualstudio.com/_packaging/odsp-npm/npm/registry/semver/-/semver-5.7.1.tgz#a954f931aeba508d307bbf069eff0c01c96116f7"
  integrity sha1-qVT5Ma66UI0we78Gnv8MAclhFvc=

semver@^6.0.0, semver@^6.2.0, semver@^6.3.0:
  version "6.3.0"
  resolved "https://onedrive.pkgs.visualstudio.com/_packaging/odsp-npm/npm/registry/semver/-/semver-6.3.0.tgz#ee0a64c8af5e8ceea67687b133761e1becbd1d3d"
  integrity sha1-7gpkyK9ejO6mdoexM3YeG+y9HT0=

semver@^7.3.4:
  version "7.3.5"
  resolved "https://onedrive.pkgs.visualstudio.com/_packaging/odsp-npm/npm/registry/semver/-/semver-7.3.5.tgz#0b621c879348d8998e4b0e4be94b3f12e6018ef7"
  integrity sha1-C2Ich5NI2JmOSw5L6Us/EuYBjvc=
  dependencies:
    lru-cache "^6.0.0"

signal-exit@^3.0.2:
  version "3.0.5"
  resolved "https://onedrive.pkgs.visualstudio.com/_packaging/odsp-npm/npm/registry/signal-exit/-/signal-exit-3.0.5.tgz#9e3e8cc0c75a99472b44321033a7702e7738252f"
  integrity sha1-nj6MwMdamUcrRDIQM6dwLnc4JS8=

string-width@^4.0.0, string-width@^4.1.0, string-width@^4.2.2:
  version "4.2.3"
  resolved "https://onedrive.pkgs.visualstudio.com/_packaging/odsp-npm/npm/registry/string-width/-/string-width-4.2.3.tgz#269c7117d27b05ad2e536830a8ec895ef9c6d010"
  integrity sha1-JpxxF9J7Ba0uU2gwqOyJXvnG0BA=
  dependencies:
    emoji-regex "^8.0.0"
    is-fullwidth-code-point "^3.0.0"
    strip-ansi "^6.0.1"

strip-ansi@^6.0.0, strip-ansi@^6.0.1:
  version "6.0.1"
  resolved "https://onedrive.pkgs.visualstudio.com/_packaging/odsp-npm/npm/registry/strip-ansi/-/strip-ansi-6.0.1.tgz#9e26c63d30f53443e9489495b2105d37b67a85d9"
  integrity sha1-nibGPTD1NEPpSJSVshBdN7Z6hdk=
  dependencies:
    ansi-regex "^5.0.1"

strip-json-comments@~2.0.1:
  version "2.0.1"
  resolved "https://onedrive.pkgs.visualstudio.com/_packaging/odsp-npm/npm/registry/strip-json-comments/-/strip-json-comments-2.0.1.tgz#3c531942e908c2697c0ec344858c286c7ca0a60a"
  integrity sha1-PFMZQukIwml8DsNEhYwobHygpgo=

supports-color@^5.5.0:
  version "5.5.0"
  resolved "https://onedrive.pkgs.visualstudio.com/_packaging/odsp-npm/npm/registry/supports-color/-/supports-color-5.5.0.tgz#e2e69a44ac8772f78a1ec0b35b689df6530efc8f"
  integrity sha1-4uaaRKyHcveKHsCzW2id9lMO/I8=
  dependencies:
    has-flag "^3.0.0"

supports-color@^7.1.0:
  version "7.2.0"
  resolved "https://onedrive.pkgs.visualstudio.com/_packaging/odsp-npm/npm/registry/supports-color/-/supports-color-7.2.0.tgz#1b7dcdcb32b8138801b3e478ba6a51caa89648da"
  integrity sha1-G33NyzK4E4gBs+R4umpRyqiWSNo=
  dependencies:
    has-flag "^4.0.0"

to-readable-stream@^1.0.0:
  version "1.0.0"
  resolved "https://onedrive.pkgs.visualstudio.com/_packaging/odsp-npm/npm/registry/to-readable-stream/-/to-readable-stream-1.0.0.tgz#ce0aa0c2f3df6adf852efb404a783e77c0475771"
  integrity sha1-zgqgwvPfat+FLvtASng+d8BHV3E=

to-regex-range@^5.0.1:
  version "5.0.1"
  resolved "https://onedrive.pkgs.visualstudio.com/_packaging/odsp-npm/npm/registry/to-regex-range/-/to-regex-range-5.0.1.tgz#1648c44aae7c8d988a326018ed72f5b4dd0392e4"
  integrity sha1-FkjESq58jZiKMmAY7XL1tN0DkuQ=
  dependencies:
    is-number "^7.0.0"

touch@^3.1.0:
  version "3.1.0"
  resolved "https://onedrive.pkgs.visualstudio.com/_packaging/odsp-npm/npm/registry/touch/-/touch-3.1.0.tgz#fe365f5f75ec9ed4e56825e0bb76d24ab74af83b"
  integrity sha1-/jZfX3XsntTlaCXgu3bSSrdK+Ds=
  dependencies:
    nopt "~1.0.10"

ts-morph@^12.0.0:
  version "12.0.0"
  resolved "https://onedrive.pkgs.visualstudio.com/_packaging/odsp-npm/npm/registry/ts-morph/-/ts-morph-12.0.0.tgz#a601c3538703755cbfa2d42b62c52df73e9dbbd7"
  integrity sha1-pgHDU4cDdVy/otQrYsUt9z6du9c=
  dependencies:
    "@ts-morph/common" "~0.11.0"
    code-block-writer "^10.1.1"

ts-node@^10.2.1:
  version "10.2.1"
  resolved "https://onedrive.pkgs.visualstudio.com/_packaging/odsp-npm/npm/registry/ts-node/-/ts-node-10.2.1.tgz#4cc93bea0a7aba2179497e65bb08ddfc198b3ab5"
  integrity sha1-TMk76gp6uiF5SX5luwjd/BmLOrU=
  dependencies:
    "@cspotcode/source-map-support" "0.6.1"
    "@tsconfig/node10" "^1.0.7"
    "@tsconfig/node12" "^1.0.7"
    "@tsconfig/node14" "^1.0.0"
    "@tsconfig/node16" "^1.0.2"
    acorn "^8.4.1"
    acorn-walk "^8.1.1"
    arg "^4.1.0"
    create-require "^1.1.0"
    diff "^4.0.1"
    make-error "^1.1.1"
    yn "3.1.1"

type-fest@^0.20.2:
  version "0.20.2"
  resolved "https://onedrive.pkgs.visualstudio.com/_packaging/odsp-npm/npm/registry/type-fest/-/type-fest-0.20.2.tgz#1bf207f4b28f91583666cb5fbd327887301cd5f4"
  integrity sha1-G/IH9LKPkVg2ZstfvTJ4hzAc1fQ=

typedarray-to-buffer@^3.1.5:
  version "3.1.5"
  resolved "https://onedrive.pkgs.visualstudio.com/_packaging/odsp-npm/npm/registry/typedarray-to-buffer/-/typedarray-to-buffer-3.1.5.tgz#a97ee7a9ff42691b9f783ff1bc5112fe3fca9080"
  integrity sha1-qX7nqf9CaRufeD/xvFES/j/KkIA=
  dependencies:
    is-typedarray "^1.0.0"

typescript@^4.4.3:
  version "4.4.3"
  resolved "https://onedrive.pkgs.visualstudio.com/_packaging/odsp-npm/npm/registry/typescript/-/typescript-4.4.3.tgz#bdc5407caa2b109efd4f82fe130656f977a29324"
  integrity sha1-vcVAfKorEJ79T4L+EwZW+XeikyQ=

undefsafe@^2.0.3:
  version "2.0.3"
  resolved "https://onedrive.pkgs.visualstudio.com/_packaging/odsp-npm/npm/registry/undefsafe/-/undefsafe-2.0.3.tgz#6b166e7094ad46313b2202da7ecc2cd7cc6e7aae"
  integrity sha1-axZucJStRjE7IgLafsws18xueq4=
  dependencies:
    debug "^2.2.0"

unique-string@^2.0.0:
  version "2.0.0"
  resolved "https://onedrive.pkgs.visualstudio.com/_packaging/odsp-npm/npm/registry/unique-string/-/unique-string-2.0.0.tgz#39c6451f81afb2749de2b233e3f7c5e8843bd89d"
  integrity sha1-OcZFH4GvsnSd4rIz4/fF6IQ72J0=
  dependencies:
    crypto-random-string "^2.0.0"

update-notifier@^5.1.0:
  version "5.1.0"
  resolved "https://onedrive.pkgs.visualstudio.com/_packaging/odsp-npm/npm/registry/update-notifier/-/update-notifier-5.1.0.tgz#4ab0d7c7f36a231dd7316cf7729313f0214d9ad9"
  integrity sha1-SrDXx/NqIx3XMWz3cpMT8CFNmtk=
  dependencies:
    boxen "^5.0.0"
    chalk "^4.1.0"
    configstore "^5.0.1"
    has-yarn "^2.1.0"
    import-lazy "^2.1.0"
    is-ci "^2.0.0"
    is-installed-globally "^0.4.0"
    is-npm "^5.0.0"
    is-yarn-global "^0.3.0"
    latest-version "^5.1.0"
    pupa "^2.1.1"
    semver "^7.3.4"
    semver-diff "^3.1.1"
    xdg-basedir "^4.0.0"

url-parse-lax@^3.0.0:
  version "3.0.0"
  resolved "https://onedrive.pkgs.visualstudio.com/_packaging/odsp-npm/npm/registry/url-parse-lax/-/url-parse-lax-3.0.0.tgz#16b5cafc07dbe3676c1b1999177823d6503acb0c"
  integrity sha1-FrXK/Afb42dsGxmZF3gj1lA6yww=
  dependencies:
    prepend-http "^2.0.0"

widest-line@^3.1.0:
  version "3.1.0"
  resolved "https://onedrive.pkgs.visualstudio.com/_packaging/odsp-npm/npm/registry/widest-line/-/widest-line-3.1.0.tgz#8292333bbf66cb45ff0de1603b136b7ae1496eca"
  integrity sha1-gpIzO79my0X/DeFgOxNreuFJbso=
  dependencies:
    string-width "^4.0.0"

wrap-ansi@^7.0.0:
  version "7.0.0"
  resolved "https://onedrive.pkgs.visualstudio.com/_packaging/odsp-npm/npm/registry/wrap-ansi/-/wrap-ansi-7.0.0.tgz#67e145cff510a6a6984bdf1152911d69d2eb9e43"
  integrity sha1-Z+FFz/UQpqaYS98RUpEdadLrnkM=
  dependencies:
    ansi-styles "^4.0.0"
    string-width "^4.1.0"
    strip-ansi "^6.0.0"

wrappy@1:
  version "1.0.2"
  resolved "https://onedrive.pkgs.visualstudio.com/_packaging/odsp-npm/npm/registry/wrappy/-/wrappy-1.0.2.tgz#b5243d8f3ec1aa35f1364605bc0d1036e30ab69f"
  integrity sha1-tSQ9jz7BqjXxNkYFvA0QNuMKtp8=

write-file-atomic@^3.0.0:
  version "3.0.3"
  resolved "https://onedrive.pkgs.visualstudio.com/_packaging/odsp-npm/npm/registry/write-file-atomic/-/write-file-atomic-3.0.3.tgz#56bd5c5a5c70481cd19c571bd39ab965a5de56e8"
  integrity sha1-Vr1cWlxwSBzRnFcb05q5ZaXeVug=
  dependencies:
    imurmurhash "^0.1.4"
    is-typedarray "^1.0.0"
    signal-exit "^3.0.2"
    typedarray-to-buffer "^3.1.5"

xdg-basedir@^4.0.0:
  version "4.0.0"
  resolved "https://onedrive.pkgs.visualstudio.com/_packaging/odsp-npm/npm/registry/xdg-basedir/-/xdg-basedir-4.0.0.tgz#4bc8d9984403696225ef83a1573cbbcb4e79db13"
  integrity sha1-S8jZmEQDaWIl74OhVzy7y0552xM=

yallist@^4.0.0:
  version "4.0.0"
  resolved "https://onedrive.pkgs.visualstudio.com/_packaging/odsp-npm/npm/registry/yallist/-/yallist-4.0.0.tgz#9bb92790d9c0effec63be73519e11a35019a3a72"
  integrity sha1-m7knkNnA7/7GO+c1GeEaNQGaOnI=

yn@3.1.1:
  version "3.1.1"
  resolved "https://onedrive.pkgs.visualstudio.com/_packaging/odsp-npm/npm/registry/yn/-/yn-3.1.1.tgz#1e87401a09d767c1d5eab26a6e4c185182d2eb50"
  integrity sha1-HodAGgnXZ8HV6rJqbkwYUYLS61A=
